
Microsoft Visual Studio Solution File, Format Version 12.00
# Visual Studio Version 17
VisualStudioVersion = 17.5.002.0
MinimumVisualStudioVersion = 10.0.40219.1
Project("{2150E333-8FDC-42A3-9474-1A3956D46DE8}") = "sandbox", "sandbox", "{BCA6ED61-B5E0-4D98-8200-6D3C8CFFE3FE}"
EndProject
Project("{9A19103F-16F7-4668-BE54-9A1E7A4F7556}") = "sandbox_project", "sandbox\sandbox_project\sandbox_project.csproj", "{D9626538-87E1-49E1-A9F4-3BB4AC86B349}"
EndProject
Project("{2150E333-8FDC-42A3-9474-1A3956D46DE8}") = "week01", "week01", "{D77348AF-2BAC-4B1D-B5AD-A6889F6EDDD9}"
EndProject
Project("{9A19103F-16F7-4668-BE54-9A1E7A4F7556}") = "analyze", "week01\analyze\analyze.csproj", "{DA3C57BD-7CAA-4DBF-B610-4EB6F8E94591}"
EndProject
Project("{9A19103F-16F7-4668-BE54-9A1E7A4F7556}") = "code", "week01\code\code.csproj", "{DE6C0139-34AC-4E9B-9019-FD7CCEE986BE}"
EndProject
Project("{9A19103F-16F7-4668-BE54-9A1E7A4F7556}") = "teach", "week01\teach\teach.csproj", "{B9B0B13C-8039-41C1-9EFB-C8332DA3DBA2}"
EndProject
Project("{2150E333-8FDC-42A3-9474-1A3956D46DE8}") = "week02", "week02", "{DFC61800-1D5B-428A-B55D-C3141C2BCA7C}"
EndProject
Project("{9A19103F-16F7-4668-BE54-9A1E7A4F7556}") = "analyze", "week02\analyze\analyze.csproj", "{95AE153E-349D-4BE2-B3EC-69012F98F503}"
EndProject
Project("{9A19103F-16F7-4668-BE54-9A1E7A4F7556}") = "code", "week02\code\code.csproj", "{782238A3-BC9D-4C05-A0E5-AE656EB76329}"
EndProject
Project("{9A19103F-16F7-4668-BE54-9A1E7A4F7556}") = "learn", "week02\learn\learn.csproj", "{FEF1BE4B-9C77-42DF-B0B3-F4B014CEBDCC}"
EndProject
Project("{9A19103F-16F7-4668-BE54-9A1E7A4F7556}") = "teach", "week02\teach\teach.csproj", "{62EA9BAC-DFB4-44DB-8DA8-06C62F0EC7FD}"
EndProject
Project("{2150E333-8FDC-42A3-9474-1A3956D46DE8}") = "week03", "week03", "{181A8921-F985-4A61-9559-EB225B6CD112}"
EndProject
Project("{9A19103F-16F7-4668-BE54-9A1E7A4F7556}") = "code", "week03\code\code.csproj", "{9CDC207C-33B3-4CDD-90D7-044401BCB615}"
EndProject
Project("{9A19103F-16F7-4668-BE54-9A1E7A4F7556}") = "learn", "week03\learn\learn.csproj", "{8C190300-F943-4625-8208-95C706CA2B70}"
EndProject
Project("{9A19103F-16F7-4668-BE54-9A1E7A4F7556}") = "teach", "week03\teach\teach.csproj", "{07C96BF2-20F2-4B30-A63A-35FBBA45B619}"
EndProject
Project("{2150E333-8FDC-42A3-9474-1A3956D46DE8}") = "week04", "week04", "{B82B6E8A-CB05-4493-9BE2-77F1A4C38F06}"
EndProject
Project("{9A19103F-16F7-4668-BE54-9A1E7A4F7556}") = "code", "week04\code\code.csproj", "{D1DF89CC-1A51-42F2-92DD-C49856F06DB9}"
EndProject
Project("{2150E333-8FDC-42A3-9474-1A3956D46DE8}") = "week05", "week05", "{4C3A93A0-46F9-4ECA-B7C1-AA82E46F4089}"
EndProject
Project("{9A19103F-16F7-4668-BE54-9A1E7A4F7556}") = "code", "week05\code\code.csproj", "{6540B732-3402-4967-85A3-C4475AF67FF7}"
EndProject
Project("{2150E333-8FDC-42A3-9474-1A3956D46DE8}") = "week06", "week06", "{01160772-0B01-4D80-B48D-0E60C0717C22}"
EndProject
Project("{9A19103F-16F7-4668-BE54-9A1E7A4F7556}") = "code", "week06\code\code.csproj", "{5E1145EB-9056-4E48-AA7F-2221E50A30F6}"
EndProject
Global
	GlobalSection(SolutionConfigurationPlatforms) = preSolution
		Debug|Any CPU = Debug|Any CPU
		Release|Any CPU = Release|Any CPU
	EndGlobalSection
	GlobalSection(ProjectConfigurationPlatforms) = postSolution
		{D9626538-87E1-49E1-A9F4-3BB4AC86B349}.Debug|Any CPU.ActiveCfg = Debug|Any CPU
		{D9626538-87E1-49E1-A9F4-3BB4AC86B349}.Debug|Any CPU.Build.0 = Debug|Any CPU
		{D9626538-87E1-49E1-A9F4-3BB4AC86B349}.Release|Any CPU.ActiveCfg = Release|Any CPU
		{D9626538-87E1-49E1-A9F4-3BB4AC86B349}.Release|Any CPU.Build.0 = Release|Any CPU
		{DA3C57BD-7CAA-4DBF-B610-4EB6F8E94591}.Debug|Any CPU.ActiveCfg = Debug|Any CPU
		{DA3C57BD-7CAA-4DBF-B610-4EB6F8E94591}.Debug|Any CPU.Build.0 = Debug|Any CPU
		{DA3C57BD-7CAA-4DBF-B610-4EB6F8E94591}.Release|Any CPU.ActiveCfg = Release|Any CPU
		{DA3C57BD-7CAA-4DBF-B610-4EB6F8E94591}.Release|Any CPU.Build.0 = Release|Any CPU
		{DE6C0139-34AC-4E9B-9019-FD7CCEE986BE}.Debug|Any CPU.ActiveCfg = Debug|Any CPU
		{DE6C0139-34AC-4E9B-9019-FD7CCEE986BE}.Debug|Any CPU.Build.0 = Debug|Any CPU
		{DE6C0139-34AC-4E9B-9019-FD7CCEE986BE}.Release|Any CPU.ActiveCfg = Release|Any CPU
		{DE6C0139-34AC-4E9B-9019-FD7CCEE986BE}.Release|Any CPU.Build.0 = Release|Any CPU
		{B9B0B13C-8039-41C1-9EFB-C8332DA3DBA2}.Debug|Any CPU.ActiveCfg = Debug|Any CPU
		{B9B0B13C-8039-41C1-9EFB-C8332DA3DBA2}.Debug|Any CPU.Build.0 = Debug|Any CPU
		{B9B0B13C-8039-41C1-9EFB-C8332DA3DBA2}.Release|Any CPU.ActiveCfg = Release|Any CPU
		{B9B0B13C-8039-41C1-9EFB-C8332DA3DBA2}.Release|Any CPU.Build.0 = Release|Any CPU
		{95AE153E-349D-4BE2-B3EC-69012F98F503}.Debug|Any CPU.ActiveCfg = Debug|Any CPU
		{95AE153E-349D-4BE2-B3EC-69012F98F503}.Debug|Any CPU.Build.0 = Debug|Any CPU
		{95AE153E-349D-4BE2-B3EC-69012F98F503}.Release|Any CPU.ActiveCfg = Release|Any CPU
		{95AE153E-349D-4BE2-B3EC-69012F98F503}.Release|Any CPU.Build.0 = Release|Any CPU
		{782238A3-BC9D-4C05-A0E5-AE656EB76329}.Debug|Any CPU.ActiveCfg = Debug|Any CPU
		{782238A3-BC9D-4C05-A0E5-AE656EB76329}.Debug|Any CPU.Build.0 = Debug|Any CPU
		{782238A3-BC9D-4C05-A0E5-AE656EB76329}.Release|Any CPU.ActiveCfg = Release|Any CPU
		{782238A3-BC9D-4C05-A0E5-AE656EB76329}.Release|Any CPU.Build.0 = Release|Any CPU
		{FEF1BE4B-9C77-42DF-B0B3-F4B014CEBDCC}.Debug|Any CPU.ActiveCfg = Debug|Any CPU
		{FEF1BE4B-9C77-42DF-B0B3-F4B014CEBDCC}.Debug|Any CPU.Build.0 = Debug|Any CPU
		{FEF1BE4B-9C77-42DF-B0B3-F4B014CEBDCC}.Release|Any CPU.ActiveCfg = Release|Any CPU
		{FEF1BE4B-9C77-42DF-B0B3-F4B014CEBDCC}.Release|Any CPU.Build.0 = Release|Any CPU
		{62EA9BAC-DFB4-44DB-8DA8-06C62F0EC7FD}.Debug|Any CPU.ActiveCfg = Debug|Any CPU
		{62EA9BAC-DFB4-44DB-8DA8-06C62F0EC7FD}.Debug|Any CPU.Build.0 = Debug|Any CPU
		{62EA9BAC-DFB4-44DB-8DA8-06C62F0EC7FD}.Release|Any CPU.ActiveCfg = Release|Any CPU
		{62EA9BAC-DFB4-44DB-8DA8-06C62F0EC7FD}.Release|Any CPU.Build.0 = Release|Any CPU
		{9CDC207C-33B3-4CDD-90D7-044401BCB615}.Debug|Any CPU.ActiveCfg = Debug|Any CPU
		{9CDC207C-33B3-4CDD-90D7-044401BCB615}.Debug|Any CPU.Build.0 = Debug|Any CPU
		{9CDC207C-33B3-4CDD-90D7-044401BCB615}.Release|Any CPU.ActiveCfg = Release|Any CPU
		{9CDC207C-33B3-4CDD-90D7-044401BCB615}.Release|Any CPU.Build.0 = Release|Any CPU
		{8C190300-F943-4625-8208-95C706CA2B70}.Debug|Any CPU.ActiveCfg = Debug|Any CPU
		{8C190300-F943-4625-8208-95C706CA2B70}.Debug|Any CPU.Build.0 = Debug|Any CPU
		{8C190300-F943-4625-8208-95C706CA2B70}.Release|Any CPU.ActiveCfg = Release|Any CPU
		{8C190300-F943-4625-8208-95C706CA2B70}.Release|Any CPU.Build.0 = Release|Any CPU
		{07C96BF2-20F2-4B30-A63A-35FBBA45B619}.Debug|Any CPU.ActiveCfg = Debug|Any CPU
		{07C96BF2-20F2-4B30-A63A-35FBBA45B619}.Debug|Any CPU.Build.0 = Debug|Any CPU
		{07C96BF2-20F2-4B30-A63A-35FBBA45B619}.Release|Any CPU.ActiveCfg = Release|Any CPU
		{07C96BF2-20F2-4B30-A63A-35FBBA45B619}.Release|Any CPU.Build.0 = Release|Any CPU
		{D1DF89CC-1A51-42F2-92DD-C49856F06DB9}.Debug|Any CPU.ActiveCfg = Debug|Any CPU
		{D1DF89CC-1A51-42F2-92DD-C49856F06DB9}.Debug|Any CPU.Build.0 = Debug|Any CPU
		{D1DF89CC-1A51-42F2-92DD-C49856F06DB9}.Release|Any CPU.ActiveCfg = Release|Any CPU
		{D1DF89CC-1A51-42F2-92DD-C49856F06DB9}.Release|Any CPU.Build.0 = Release|Any CPU
		{6540B732-3402-4967-85A3-C4475AF67FF7}.Debug|Any CPU.ActiveCfg = Debug|Any CPU
		{6540B732-3402-4967-85A3-C4475AF67FF7}.Debug|Any CPU.Build.0 = Debug|Any CPU
		{6540B732-3402-4967-85A3-C4475AF67FF7}.Release|Any CPU.ActiveCfg = Release|Any CPU
		{6540B732-3402-4967-85A3-C4475AF67FF7}.Release|Any CPU.Build.0 = Release|Any CPU
		{5E1145EB-9056-4E48-AA7F-2221E50A30F6}.Debug|Any CPU.ActiveCfg = Debug|Any CPU
		{5E1145EB-9056-4E48-AA7F-2221E50A30F6}.Debug|Any CPU.Build.0 = Debug|Any CPU
		{5E1145EB-9056-4E48-AA7F-2221E50A30F6}.Release|Any CPU.ActiveCfg = Release|Any CPU
		{5E1145EB-9056-4E48-AA7F-2221E50A30F6}.Release|Any CPU.Build.0 = Release|Any CPU
	EndGlobalSection
	GlobalSection(SolutionProperties) = preSolution
		HideSolutionNode = FALSE
	EndGlobalSection
	GlobalSection(NestedProjects) = preSolution
		{D9626538-87E1-49E1-A9F4-3BB4AC86B349} = {BCA6ED61-B5E0-4D98-8200-6D3C8CFFE3FE}
		{DA3C57BD-7CAA-4DBF-B610-4EB6F8E94591} = {D77348AF-2BAC-4B1D-B5AD-A6889F6EDDD9}
		{DE6C0139-34AC-4E9B-9019-FD7CCEE986BE} = {D77348AF-2BAC-4B1D-B5AD-A6889F6EDDD9}
		{B9B0B13C-8039-41C1-9EFB-C8332DA3DBA2} = {D77348AF-2BAC-4B1D-B5AD-A6889F6EDDD9}
		{95AE153E-349D-4BE2-B3EC-69012F98F503} = {DFC61800-1D5B-428A-B55D-C3141C2BCA7C}
		{782238A3-BC9D-4C05-A0E5-AE656EB76329} = {DFC61800-1D5B-428A-B55D-C3141C2BCA7C}
		{FEF1BE4B-9C77-42DF-B0B3-F4B014CEBDCC} = {DFC61800-1D5B-428A-B55D-C3141C2BCA7C}
		{62EA9BAC-DFB4-44DB-8DA8-06C62F0EC7FD} = {DFC61800-1D5B-428A-B55D-C3141C2BCA7C}
		{9CDC207C-33B3-4CDD-90D7-044401BCB615} = {181A8921-F985-4A61-9559-EB225B6CD112}
		{8C190300-F943-4625-8208-95C706CA2B70} = {181A8921-F985-4A61-9559-EB225B6CD112}
		{07C96BF2-20F2-4B30-A63A-35FBBA45B619} = {181A8921-F985-4A61-9559-EB225B6CD112}
		{D1DF89CC-1A51-42F2-92DD-C49856F06DB9} = {B82B6E8A-CB05-4493-9BE2-77F1A4C38F06}
		{6540B732-3402-4967-85A3-C4475AF67FF7} = {4C3A93A0-46F9-4ECA-B7C1-AA82E46F4089}
		{5E1145EB-9056-4E48-AA7F-2221E50A30F6} = {01160772-0B01-4D80-B48D-0E60C0717C22}
	EndGlobalSection
	GlobalSection(ExtensibilityGlobals) = postSolution
		SolutionGuid = {89390F59-ACB8-4F09-9CE3-FB75F9EEAC40}
	EndGlobalSection
EndGlobal
